  
{
  "name":"background-generator",
  "version":"1.0.0",
  "main":"main.js",
  "scripts":{
    "build":"browserify main.js > bundle.js"
  },
  "repository":{
    "type":"git",
    "url":"git+https://github.com/zohaibasghar/background-generator"
  },
  "author":"",
  "license":"ISC",
  "bugs":{
    "url":"https://github.com/zohaibasghar/background-generator"
  },
  "homepage":"https://github.com/zohaibasghar/background-generator#readme",

  "requires": true,
  "lockfileVersion": 1,
  "dependencies": {
    "lodash": {
      "version": "4.17.19",
      "resolved": "https://registry.npmjs.org/lodash/-/lodash-4.17.19.tgz",
      "integrity": "sha512-JNvd8XER9GQX0v2qJgsaN/mzFCNA5BRe/j8JN9d+tWyGLSodKQHKFicdwNYzWwI3wjRnaKPsGj1XkBjx/F96DQ=="
    }
  }
}
